
Microsoft Visual Studio Solution File, Format Version 12.00
# Visual Studio Version 16
VisualStudioVersion = 16.0.31515.178
MinimumVisualStudioVersion = 10.0.40219.1
Project("{FAE04EC0-301F-11D3-BF4B-00C04F79EFBC}") = "002_Refactoring", "002_Refactoring\002_Refactoring.csproj", "{C4503C32-DDB7-4D85-9684-C5C0111B2DE3}"
EndProject
Project("{FAE04EC0-301F-11D3-BF4B-00C04F79EFBC}") = "003_Method_Main", "003_Method_Main\003_Method_Main.csproj", "{E3534B15-3E47-43B2-B8B0-0E1EDDFBA2CC}"
EndProject
Project("{FAE04EC0-301F-11D3-BF4B-00C04F79EFBC}") = "004_Console", "004_Console\004_Console.csproj", "{1C44BBD0-E996-4A65-A069-FA921E57B5D6}"
EndProject
Project("{FAE04EC0-301F-11D3-BF4B-00C04F79EFBC}") = "004_Console_Formatting Numeric Data", "004_Console_Formatting Numeric Data\004_Console_Formatting Numeric Data.csproj", "{29528331-71F0-4488-BACD-91D6A21D2D03}"
EndProject
Project("{FAE04EC0-301F-11D3-BF4B-00C04F79EFBC}") = "005_Variable Declaration and Initialization", "005_Variable Declaration and Initialization\005_Variable Declaration and Initialization.csproj", "{6CD58E87-C2AB-41C4-BF97-FB317AE0E442}"
EndProject
Project("{FAE04EC0-301F-11D3-BF4B-00C04F79EFBC}") = "006_Parse From Strings", "006_Parse From Strings\006_Parse From Strings.csproj", "{6EC70438-1619-45EA-A65C-4B6734D3AE1F}"
EndProject
Project("{FAE04EC0-301F-11D3-BF4B-00C04F79EFBC}") = "007_DateTime, TimeSpan", "007_DateTime, TimeSpan\007_DateTime, TimeSpan.csproj", "{560CE823-125B-418C-9405-4B189429C81F}"
EndProject
Project("{FAE04EC0-301F-11D3-BF4B-00C04F79EFBC}") = "008_String", "008_String\008_String.csproj", "{B602738A-932D-4CF0-9022-08E2C25B2525}"
EndProject
Project("{FAE04EC0-301F-11D3-BF4B-00C04F79EFBC}") = "009_String_Escape characters, Verbatim string", "009_String_Escape characters, Verabtim string\009_String_Escape characters, Verbatim string.csproj", "{39FCF0CA-F1EB-40D3-A2BC-4C2B7974B2FD}"
EndProject
Project("{FAE04EC0-301F-11D3-BF4B-00C04F79EFBC}") = "010_StringBuilder", "010_StringBuilder\010_StringBuilder.csproj", "{C4AAE27A-2EC6-4BCE-AE4C-01074BBF7FD0}"
EndProject
Global
	GlobalSection(SolutionConfigurationPlatforms) = preSolution
		Debug|Any CPU = Debug|Any CPU
		Release|Any CPU = Release|Any CPU
	EndGlobalSection
	GlobalSection(ProjectConfigurationPlatforms) = postSolution
		{C4503C32-DDB7-4D85-9684-C5C0111B2DE3}.Debug|Any CPU.ActiveCfg = Debug|Any CPU
		{C4503C32-DDB7-4D85-9684-C5C0111B2DE3}.Debug|Any CPU.Build.0 = Debug|Any CPU
		{C4503C32-DDB7-4D85-9684-C5C0111B2DE3}.Release|Any CPU.ActiveCfg = Release|Any CPU
		{C4503C32-DDB7-4D85-9684-C5C0111B2DE3}.Release|Any CPU.Build.0 = Release|Any CPU
		{E3534B15-3E47-43B2-B8B0-0E1EDDFBA2CC}.Debug|Any CPU.ActiveCfg = Debug|Any CPU
		{E3534B15-3E47-43B2-B8B0-0E1EDDFBA2CC}.Debug|Any CPU.Build.0 = Debug|Any CPU
		{E3534B15-3E47-43B2-B8B0-0E1EDDFBA2CC}.Release|Any CPU.ActiveCfg = Release|Any CPU
		{E3534B15-3E47-43B2-B8B0-0E1EDDFBA2CC}.Release|Any CPU.Build.0 = Release|Any CPU
		{1C44BBD0-E996-4A65-A069-FA921E57B5D6}.Debug|Any CPU.ActiveCfg = Debug|Any CPU
		{1C44BBD0-E996-4A65-A069-FA921E57B5D6}.Debug|Any CPU.Build.0 = Debug|Any CPU
		{1C44BBD0-E996-4A65-A069-FA921E57B5D6}.Release|Any CPU.ActiveCfg = Release|Any CPU
		{1C44BBD0-E996-4A65-A069-FA921E57B5D6}.Release|Any CPU.Build.0 = Release|Any CPU
		{29528331-71F0-4488-BACD-91D6A21D2D03}.Debug|Any CPU.ActiveCfg = Debug|Any CPU
		{29528331-71F0-4488-BACD-91D6A21D2D03}.Debug|Any CPU.Build.0 = Debug|Any CPU
		{29528331-71F0-4488-BACD-91D6A21D2D03}.Release|Any CPU.ActiveCfg = Release|Any CPU
		{29528331-71F0-4488-BACD-91D6A21D2D03}.Release|Any CPU.Build.0 = Release|Any CPU
		{6CD58E87-C2AB-41C4-BF97-FB317AE0E442}.Debug|Any CPU.ActiveCfg = Debug|Any CPU
		{6CD58E87-C2AB-41C4-BF97-FB317AE0E442}.Debug|Any CPU.Build.0 = Debug|Any CPU
		{6CD58E87-C2AB-41C4-BF97-FB317AE0E442}.Release|Any CPU.ActiveCfg = Release|Any CPU
		{6CD58E87-C2AB-41C4-BF97-FB317AE0E442}.Release|Any CPU.Build.0 = Release|Any CPU
		{6EC70438-1619-45EA-A65C-4B6734D3AE1F}.Debug|Any CPU.ActiveCfg = Debug|Any CPU
		{6EC70438-1619-45EA-A65C-4B6734D3AE1F}.Debug|Any CPU.Build.0 = Debug|Any CPU
		{6EC70438-1619-45EA-A65C-4B6734D3AE1F}.Release|Any CPU.ActiveCfg = Release|Any CPU
		{6EC70438-1619-45EA-A65C-4B6734D3AE1F}.Release|Any CPU.Build.0 = Release|Any CPU
		{560CE823-125B-418C-9405-4B189429C81F}.Debug|Any CPU.ActiveCfg = Debug|Any CPU
		{560CE823-125B-418C-9405-4B189429C81F}.Debug|Any CPU.Build.0 = Debug|Any CPU
		{560CE823-125B-418C-9405-4B189429C81F}.Release|Any CPU.ActiveCfg = Release|Any CPU
		{560CE823-125B-418C-9405-4B189429C81F}.Release|Any CPU.Build.0 = Release|Any CPU
		{B602738A-932D-4CF0-9022-08E2C25B2525}.Debug|Any CPU.ActiveCfg = Debug|Any CPU
		{B602738A-932D-4CF0-9022-08E2C25B2525}.Debug|Any CPU.Build.0 = Debug|Any CPU
		{B602738A-932D-4CF0-9022-08E2C25B2525}.Release|Any CPU.ActiveCfg = Release|Any CPU
		{B602738A-932D-4CF0-9022-08E2C25B2525}.Release|Any CPU.Build.0 = Release|Any CPU
		{39FCF0CA-F1EB-40D3-A2BC-4C2B7974B2FD}.Debug|Any CPU.ActiveCfg = Debug|Any CPU
		{39FCF0CA-F1EB-40D3-A2BC-4C2B7974B2FD}.Debug|Any CPU.Build.0 = Debug|Any CPU
		{39FCF0CA-F1EB-40D3-A2BC-4C2B7974B2FD}.Release|Any CPU.ActiveCfg = Release|Any CPU
		{39FCF0CA-F1EB-40D3-A2BC-4C2B7974B2FD}.Release|Any CPU.Build.0 = Release|Any CPU
		{C4AAE27A-2EC6-4BCE-AE4C-01074BBF7FD0}.Debug|Any CPU.ActiveCfg = Debug|Any CPU
		{C4AAE27A-2EC6-4BCE-AE4C-01074BBF7FD0}.Debug|Any CPU.Build.0 = Debug|Any CPU
		{C4AAE27A-2EC6-4BCE-AE4C-01074BBF7FD0}.Release|Any CPU.ActiveCfg = Release|Any CPU
		{C4AAE27A-2EC6-4BCE-AE4C-01074BBF7FD0}.Release|Any CPU.Build.0 = Release|Any CPU
	EndGlobalSection
	GlobalSection(SolutionProperties) = preSolution
		HideSolutionNode = FALSE
	EndGlobalSection
	GlobalSection(ExtensibilityGlobals) = postSolution
		SolutionGuid = {D9EA1726-5F7D-4AE4-A4A3-8727F62050BC}
	EndGlobalSection
EndGlobal
